
Microsoft Visual Studio Solution File, Format Version 12.00
# Visual Studio Version 17
VisualStudioVersion = 17.0.31903.59
MinimumVisualStudioVersion = 10.0.40219.1
Project("{FAE04EC0-301F-11D3-BF4B-00C04F79EFBC}") = "ProductVault", "ProductVault.csproj", "{B5EB6588-3131-4D3A-8827-976FBE85F229}"
EndProject
Project("{2150E333-8FDC-42A3-9474-1A3956D46DE8}") = "tests", "tests", "{0AB3BF05-4346-4AA6-1389-037BE0695223}"
EndProject
Project("{FAE04EC0-301F-11D3-BF4B-00C04F79EFBC}") = "ProductVault.Tests", "tests\ProductVault.Tests\ProductVault.Tests.csproj", "{10871D86-B5F1-4E37-BA1C-9224129C9034}"
EndProject
Global
	GlobalSection(SolutionConfigurationPlatforms) = preSolution
		Debug|Any CPU = Debug|Any CPU
		Debug|x64 = Debug|x64
		Debug|x86 = Debug|x86
		Release|Any CPU = Release|Any CPU
		Release|x64 = Release|x64
		Release|x86 = Release|x86
	EndGlobalSection
	GlobalSection(ProjectConfigurationPlatforms) = postSolution
		{B5EB6588-3131-4D3A-8827-976FBE85F229}.Debug|Any CPU.ActiveCfg = Debug|Any CPU
		{B5EB6588-3131-4D3A-8827-976FBE85F229}.Debug|Any CPU.Build.0 = Debug|Any CPU
		{B5EB6588-3131-4D3A-8827-976FBE85F229}.Debug|x64.ActiveCfg = Debug|Any CPU
		{B5EB6588-3131-4D3A-8827-976FBE85F229}.Debug|x64.Build.0 = Debug|Any CPU
		{B5EB6588-3131-4D3A-8827-976FBE85F229}.Debug|x86.ActiveCfg = Debug|Any CPU
		{B5EB6588-3131-4D3A-8827-976FBE85F229}.Debug|x86.Build.0 = Debug|Any CPU
		{B5EB6588-3131-4D3A-8827-976FBE85F229}.Release|Any CPU.ActiveCfg = Release|Any CPU
		{B5EB6588-3131-4D3A-8827-976FBE85F229}.Release|Any CPU.Build.0 = Release|Any CPU
		{B5EB6588-3131-4D3A-8827-976FBE85F229}.Release|x64.ActiveCfg = Release|Any CPU
		{B5EB6588-3131-4D3A-8827-976FBE85F229}.Release|x64.Build.0 = Release|Any CPU
		{B5EB6588-3131-4D3A-8827-976FBE85F229}.Release|x86.ActiveCfg = Release|Any CPU
		{B5EB6588-3131-4D3A-8827-976FBE85F229}.Release|x86.Build.0 = Release|Any CPU
		{10871D86-B5F1-4E37-BA1C-9224129C9034}.Debug|Any CPU.ActiveCfg = Debug|Any CPU
		{10871D86-B5F1-4E37-BA1C-9224129C9034}.Debug|Any CPU.Build.0 = Debug|Any CPU
		{10871D86-B5F1-4E37-BA1C-9224129C9034}.Debug|x64.ActiveCfg = Debug|Any CPU
		{10871D86-B5F1-4E37-BA1C-9224129C9034}.Debug|x64.Build.0 = Debug|Any CPU
		{10871D86-B5F1-4E37-BA1C-9224129C9034}.Debug|x86.ActiveCfg = Debug|Any CPU
		{10871D86-B5F1-4E37-BA1C-9224129C9034}.Debug|x86.Build.0 = Debug|Any CPU
		{10871D86-B5F1-4E37-BA1C-9224129C9034}.Release|Any CPU.ActiveCfg = Release|Any CPU
		{10871D86-B5F1-4E37-BA1C-9224129C9034}.Release|Any CPU.Build.0 = Release|Any CPU
		{10871D86-B5F1-4E37-BA1C-9224129C9034}.Release|x64.ActiveCfg = Release|Any CPU
		{10871D86-B5F1-4E37-BA1C-9224129C9034}.Release|x64.Build.0 = Release|Any CPU
		{10871D86-B5F1-4E37-BA1C-9224129C9034}.Release|x86.ActiveCfg = Release|Any CPU
		{10871D86-B5F1-4E37-BA1C-9224129C9034}.Release|x86.Build.0 = Release|Any CPU
	EndGlobalSection
	GlobalSection(SolutionProperties) = preSolution
		HideSolutionNode = FALSE
	EndGlobalSection
	GlobalSection(NestedProjects) = preSolution
		{10871D86-B5F1-4E37-BA1C-9224129C9034} = {0AB3BF05-4346-4AA6-1389-037BE0695223}
	EndGlobalSection
EndGlobal
